
Microsoft Visual Studio Solution File, Format Version 12.00
# Visual Studio Version 17
VisualStudioVersion = 17.3.32901.215
MinimumVisualStudioVersion = 10.0.40219.1
Project("{8BC9CEB8-8B4A-11D0-8D11-00A0C91BC942}") = "ConsoleApplication2", "ConsoleApplication2\ConsoleApplication2.vcxproj", "{64C85CE5-449A-4736-BEC6-F00C51013F13}"
EndProject
Global
	GlobalSection(SolutionConfigurationPlatforms) = preSolution
		Debug|x64 = Debug|x64
		Debug|x86 = Debug|x86
		Release|x64 = Release|x64
		Release|x86 = Release|x86
	EndGlobalSection
	GlobalSection(ProjectConfigurationPlatforms) = postSolution
		{64C85CE5-449A-4736-BEC6-F00C51013F13}.Debug|x64.ActiveCfg = Debug|x64
		{64C85CE5-449A-4736-BEC6-F00C51013F13}.Debug|x64.Build.0 = Debug|x64
		{64C85CE5-449A-4736-BEC6-F00C51013F13}.Debug|x86.ActiveCfg = Debug|Win32
		{64C85CE5-449A-4736-BEC6-F00C51013F13}.Debug|x86.Build.0 = Debug|Win32
		{64C85CE5-449A-4736-BEC6-F00C51013F13}.Release|x64.ActiveCfg = Release|x64
		{64C85CE5-449A-4736-BEC6-F00C51013F13}.Release|x64.Build.0 = Release|x64
		{64C85CE5-449A-4736-BEC6-F00C51013F13}.Release|x86.ActiveCfg = Release|Win32
		{64C85CE5-449A-4736-BEC6-F00C51013F13}.Release|x86.Build.0 = Release|Win32
	EndGlobalSection
	GlobalSection(SolutionProperties) = preSolution
		HideSolutionNode = FALSE
	EndGlobalSection
	GlobalSection(ExtensibilityGlobals) = postSolution
		SolutionGuid = {CF3A0D36-5892-4AF9-990B-64D401F0C356}
	EndGlobalSection
EndGlobal
