
Microsoft Visual Studio Solution File, Format Version 12.00
# Visual Studio Version 17
VisualStudioVersion = 17.8.34330.188
MinimumVisualStudioVersion = 10.0.40219.1
Project("{8BC9CEB8-8B4A-11D0-8D11-00A0C91BC942}") = "ConsoleApplication3", "ConsoleApplication3\ConsoleApplication3.vcxproj", "{238D1BC2-306B-4C3D-97FB-13A7AB77A7C5}"
EndProject
Global
	GlobalSection(SolutionConfigurationPlatforms) = preSolution
		Debug|x64 = Debug|x64
		Debug|x86 = Debug|x86
		Release|x64 = Release|x64
		Release|x86 = Release|x86
	EndGlobalSection
	GlobalSection(ProjectConfigurationPlatforms) = postSolution
		{238D1BC2-306B-4C3D-97FB-13A7AB77A7C5}.Debug|x64.ActiveCfg = Debug|x64
		{238D1BC2-306B-4C3D-97FB-13A7AB77A7C5}.Debug|x64.Build.0 = Debug|x64
		{238D1BC2-306B-4C3D-97FB-13A7AB77A7C5}.Debug|x86.ActiveCfg = Debug|Win32
		{238D1BC2-306B-4C3D-97FB-13A7AB77A7C5}.Debug|x86.Build.0 = Debug|Win32
		{238D1BC2-306B-4C3D-97FB-13A7AB77A7C5}.Release|x64.ActiveCfg = Release|x64
		{238D1BC2-306B-4C3D-97FB-13A7AB77A7C5}.Release|x64.Build.0 = Release|x64
		{238D1BC2-306B-4C3D-97FB-13A7AB77A7C5}.Release|x86.ActiveCfg = Release|Win32
		{238D1BC2-306B-4C3D-97FB-13A7AB77A7C5}.Release|x86.Build.0 = Release|Win32
	EndGlobalSection
	GlobalSection(SolutionProperties) = preSolution
		HideSolutionNode = FALSE
	EndGlobalSection
	GlobalSection(ExtensibilityGlobals) = postSolution
		SolutionGuid = {75A2B34D-4595-4893-ABB7-965806E32344}
	EndGlobalSection
EndGlobal
